github.com/donnyandrian/go-say-hello v1.0.0 h1:gwDlk5sZVVypX0aoaXpRP3dmCHaO7+FC0J0xGm0/yRY=
github.com/donnyandrian/go-say-hello v1.0.0/go.mod h1:YCfbguaypzxU5L4FrBETSFiJAGQyjBf4w4I2jgTP/TU=
github.com/donnyandrian/go-say-hello v1.5.0 h1:JcsopiPVv5GAVoDR00NdrJYs7PWiYeuNApsutQzkZ4s=
github.com/donnyandrian/go-say-hello v1.5.0/go.mod h1:YCfbguaypzxU5L4FrBETSFiJAGQyjBf4w4I2jgTP/TU=
